// !$*UTF8*$!
{
	archiveVersion = 1;
	classes = {
	};
	objectVersion = 50;
	objects = {

/* Begin PBXBuildFile section */
		CFC1AD7626132E160053B333 /* Nunito-ExtraBoldItalic.ttf in Resources */ = {isa = PBXBuildFile; fileRef = CFC1AD6726132E160053B333 /* Nunito-ExtraBoldItalic.ttf */; };
		CFC1AD7726132E160053B333 /* Nunito-ExtraBold.ttf in Resources */ = {isa = PBXBuildFile; fileRef = CFC1AD6826132E160053B333 /* Nunito-ExtraBold.ttf */; };
		CFC1AD7826132E160053B333 /* Nunito-ExtraLightItalic.ttf in Resources */ = {isa = PBXBuildFile; fileRef = CFC1AD6926132E160053B333 /* Nunito-ExtraLightItalic.ttf */; };
		CFC1AD7926132E160053B333 /* Nunito-Light.ttf in Resources */ = {isa = PBXBuildFile; fileRef = CFC1AD6A26132E160053B333 /* Nunito-Light.ttf */; };
		CFC1AD7A26132E160053B333 /* Nunito-Regular.ttf in Resources */ = {isa = PBXBuildFile; fileRef = CFC1AD6B26132E160053B333 /* Nunito-Regular.ttf */; };
		CFC1AD7B26132E160053B333 /* Nunito-SemiBold.ttf in Resources */ = {isa = PBXBuildFile; fileRef = CFC1AD6C26132E160053B333 /* Nunito-SemiBold.ttf */; };
		CFC1AD7C26132E160053B333 /* Nunito-Bold.ttf in Resources */ = {isa = PBXBuildFile; fileRef = CFC1AD6D26132E160053B333 /* Nunito-Bold.ttf */; };
		CFC1AD7D26132E160053B333 /* Nunito-BoldItalic.ttf in Resources */ = {isa = PBXBuildFile; fileRef = CFC1AD6E26132E160053B333 /* Nunito-BoldItalic.ttf */; };
		CFC1AD7E26132E160053B333 /* Nunito-Black.ttf in Resources */ = {isa = PBXBuildFile; fileRef = CFC1AD6F26132E160053B333 /* Nunito-Black.ttf */; };
		CFC1AD7F26132E160053B333 /* Nunito-ExtraLight.ttf in Resources */ = {isa = PBXBuildFile; fileRef = CFC1AD7026132E160053B333 /* Nunito-ExtraLight.ttf */; };
		CFC1AD8026132E160053B333 /* Nunito-SemiBoldItalic.ttf in Resources */ = {isa = PBXBuildFile; fileRef = CFC1AD7126132E160053B333 /* Nunito-SemiBoldItalic.ttf */; };
		CFC1AD8126132E160053B333 /* Nunito-BlackItalic.ttf in Resources */ = {isa = PBXBuildFile; fileRef = CFC1AD7226132E160053B333 /* Nunito-BlackItalic.ttf */; };
		CFC1AD8226132E160053B333 /* OFL.txt in Resources */ = {isa = PBXBuildFile; fileRef = CFC1AD7326132E160053B333 /* OFL.txt */; };
		CFC1AD8326132E160053B333 /* Nunito-Italic.ttf in Resources */ = {isa = PBXBuildFile; fileRef = CFC1AD7426132E160053B333 /* Nunito-Italic.ttf */; };
		CFC1AD8426132E160053B333 /* Nunito-LightItalic.ttf in Resources */ = {isa = PBXBuildFile; fileRef = CFC1AD7526132E160053B333 /* Nunito-LightItalic.ttf */; };
		CFC1AD982613448E0053B333 /* UICustomButton.swift in Sources */ = {isa = PBXBuildFile; fileRef = CFC1AD972613448E0053B333 /* UICustomButton.swift */; };
		CFE0494A2612D29900ED98AD /* AppDelegate.swift in Sources */ = {isa = PBXBuildFile; fileRef = CFE049492612D29900ED98AD /* AppDelegate.swift */; };
		CFE0494C2612D29900ED98AD /* SceneDelegate.swift in Sources */ = {isa = PBXBuildFile; fileRef = CFE0494B2612D29900ED98AD /* SceneDelegate.swift */; };
		CFE0494E2612D29900ED98AD /* SignInViewController.swift in Sources */ = {isa = PBXBuildFile; fileRef = CFE0494D2612D29900ED98AD /* SignInViewController.swift */; };
		CFE049512612D29900ED98AD /* Main.storyboard in Resources */ = {isa = PBXBuildFile; fileRef = CFE0494F2612D29900ED98AD /* Main.storyboard */; };
		CFE049532612D29D00ED98AD /* Assets.xcassets in Resources */ = {isa = PBXBuildFile; fileRef = CFE049522612D29D00ED98AD /* Assets.xcassets */; };
		CFE049562612D29D00ED98AD /* LaunchScreen.storyboard in Resources */ = {isa = PBXBuildFile; fileRef = CFE049542612D29D00ED98AD /* LaunchScreen.storyboard */; };
/* End PBXBuildFile section */

/* Begin PBXFileReference section */
		CFC1AD6726132E160053B333 /* Nunito-ExtraBoldItalic.ttf */ = {isa = PBXFileReference; lastKnownFileType = file; path = "Nunito-ExtraBoldItalic.ttf"; sourceTree = "<group>"; };
		CFC1AD6826132E160053B333 /* Nunito-ExtraBold.ttf */ = {isa = PBXFileReference; lastKnownFileType = file; path = "Nunito-ExtraBold.ttf"; sourceTree = "<group>"; };
		CFC1AD6926132E160053B333 /* Nunito-ExtraLightItalic.ttf */ = {isa = PBXFileReference; lastKnownFileType = file; path = "Nunito-ExtraLightItalic.ttf"; sourceTree = "<group>"; };
		CFC1AD6A26132E160053B333 /* Nunito-Light.ttf */ = {isa = PBXFileReference; lastKnownFileType = file; path = "Nunito-Light.ttf"; sourceTree = "<group>"; };
		CFC1AD6B26132E160053B333 /* Nunito-Regular.ttf */ = {isa = PBXFileReference; lastKnownFileType = file; path = "Nunito-Regular.ttf"; sourceTree = "<group>"; };
		CFC1AD6C26132E160053B333 /* Nunito-SemiBold.ttf */ = {isa = PBXFileReference; lastKnownFileType = file; path = "Nunito-SemiBold.ttf"; sourceTree = "<group>"; };
		CFC1AD6D26132E160053B333 /* Nunito-Bold.ttf */ = {isa = PBXFileReference; lastKnownFileType = file; path = "Nunito-Bold.ttf"; sourceTree = "<group>"; };
		CFC1AD6E26132E160053B333 /* Nunito-BoldItalic.ttf */ = {isa = PBXFileReference; lastKnownFileType = file; path = "Nunito-BoldItalic.ttf"; sourceTree = "<group>"; };
		CFC1AD6F26132E160053B333 /* Nunito-Black.ttf */ = {isa = PBXFileReference; lastKnownFileType = file; path = "Nunito-Black.ttf"; sourceTree = "<group>"; };
		CFC1AD7026132E160053B333 /* Nunito-ExtraLight.ttf */ = {isa = PBXFileReference; lastKnownFileType = file; path = "Nunito-ExtraLight.ttf"; sourceTree = "<group>"; };
		CFC1AD7126132E160053B333 /* Nunito-SemiBoldItalic.ttf */ = {isa = PBXFileReference; lastKnownFileType = file; path = "Nunito-SemiBoldItalic.ttf"; sourceTree = "<group>"; };
		CFC1AD7226132E160053B333 /* Nunito-BlackItalic.ttf */ = {isa = PBXFileReference; lastKnownFileType = file; path = "Nunito-BlackItalic.ttf"; sourceTree = "<group>"; };
		CFC1AD7326132E160053B333 /* OFL.txt */ = {isa = PBXFileReference; fileEncoding = 4; lastKnownFileType = text; path = OFL.txt; sourceTree = "<group>"; };
		CFC1AD7426132E160053B333 /* Nunito-Italic.ttf */ = {isa = PBXFileReference; lastKnownFileType = file; path = "Nunito-Italic.ttf"; sourceTree = "<group>"; };
		CFC1AD7526132E160053B333 /* Nunito-LightItalic.ttf */ = {isa = PBXFileReference; lastKnownFileType = file; path = "Nunito-LightItalic.ttf"; sourceTree = "<group>"; };
		CFC1AD972613448E0053B333 /* UICustomButton.swift */ = {isa = PBXFileReference; fileEncoding = 4; lastKnownFileType = sourcecode.swift; path = UICustomButton.swift; sourceTree = "<group>"; };
		CFE049462612D29900ED98AD /* NotForgot.app */ = {isa = PBXFileReference; explicitFileType = wrapper.application; includeInIndex = 0; path = NotForgot.app; sourceTree = BUILT_PRODUCTS_DIR; };
		CFE049492612D29900ED98AD /* AppDelegate.swift */ = {isa = PBXFileReference; lastKnownFileType = sourcecode.swift; path = AppDelegate.swift; sourceTree = "<group>"; };
		CFE0494B2612D29900ED98AD /* SceneDelegate.swift */ = {isa = PBXFileReference; lastKnownFileType = sourcecode.swift; path = SceneDelegate.swift; sourceTree = "<group>"; };
		CFE0494D2612D29900ED98AD /* SignInViewController.swift */ = {isa = PBXFileReference; lastKnownFileType = sourcecode.swift; path = SignInViewController.swift; sourceTree = "<group>"; };
		CFE049502612D29900ED98AD /* Base */ = {isa = PBXFileReference; lastKnownFileType = file.storyboard; name = Base; path = Base.lproj/Main.storyboard; sourceTree = "<group>"; };
		CFE049522612D29D00ED98AD /* Assets.xcassets */ = {isa = PBXFileReference; lastKnownFileType = folder.assetcatalog; path = Assets.xcassets; sourceTree = "<group>"; };
		CFE049552612D29D00ED98AD /* Base */ = {isa = PBXFileReference; lastKnownFileType = file.storyboard; name = Base; path = Base.lproj/LaunchScreen.storyboard; sourceTree = "<group>"; };
		CFE049572612D29D00ED98AD /* Info.plist */ = {isa = PBXFileReference; lastKnownFileType = text.plist.xml; path = Info.plist; sourceTree = "<group>"; };
/* End PBXFileReference section */

/* Begin PBXFrameworksBuildPhase section */
		CFE049432612D29900ED98AD /* Frameworks */ = {
			isa = PBXFrameworksBuildPhase;
			buildActionMask = 2147483647;
			files = (
			);
			runOnlyForDeploymentPostprocessing = 0;
		};
/* End PBXFrameworksBuildPhase section */

/* Begin PBXGroup section */
		CFC1AD6626132E160053B333 /* Nunito */ = {
			isa = PBXGroup;
			children = (
				CFC1AD6726132E160053B333 /* Nunito-ExtraBoldItalic.ttf */,
				CFC1AD6826132E160053B333 /* Nunito-ExtraBold.ttf */,
				CFC1AD6926132E160053B333 /* Nunito-ExtraLightItalic.ttf */,
				CFC1AD6A26132E160053B333 /* Nunito-Light.ttf */,
				CFC1AD6B26132E160053B333 /* Nunito-Regular.ttf */,
				CFC1AD6C26132E160053B333 /* Nunito-SemiBold.ttf */,
				CFC1AD6D26132E160053B333 /* Nunito-Bold.ttf */,
				CFC1AD6E26132E160053B333 /* Nunito-BoldItalic.ttf */,
				CFC1AD6F26132E160053B333 /* Nunito-Black.ttf */,
				CFC1AD7026132E160053B333 /* Nunito-ExtraLight.ttf */,
				CFC1AD7126132E160053B333 /* Nunito-SemiBoldItalic.ttf */,
				CFC1AD7226132E160053B333 /* Nunito-BlackItalic.ttf */,
				CFC1AD7326132E160053B333 /* OFL.txt */,
				CFC1AD7426132E160053B333 /* Nunito-Italic.ttf */,
				CFC1AD7526132E160053B333 /* Nunito-LightItalic.ttf */,
			);
			path = Nunito;
			sourceTree = "<group>";
		};
		CFC1AD8C26133BDA0053B333 /* Frameworks */ = {
			isa = PBXGroup;
			children = (
			);
			name = Frameworks;
			sourceTree = "<group>";
		};
		CFC1AD962613448E0053B333 /* CustomObjects */ = {
			isa = PBXGroup;
			children = (
				CFC1AD972613448E0053B333 /* UICustomButton.swift */,
			);
			path = CustomObjects;
			sourceTree = "<group>";
		};
		CFE0493D2612D29900ED98AD = {
			isa = PBXGroup;
			children = (
				CFE049482612D29900ED98AD /* NotForgot */,
				CFE049472612D29900ED98AD /* Products */,
				CFC1AD8C26133BDA0053B333 /* Frameworks */,
			);
			sourceTree = "<group>";
		};
		CFE049472612D29900ED98AD /* Products */ = {
			isa = PBXGroup;
			children = (
				CFE049462612D29900ED98AD /* NotForgot.app */,
			);
			name = Products;
			sourceTree = "<group>";
		};
		CFE049482612D29900ED98AD /* NotForgot */ = {
			isa = PBXGroup;
			children = (
				CFE049492612D29900ED98AD /* AppDelegate.swift */,
				CFE0494B2612D29900ED98AD /* SceneDelegate.swift */,
				CFE0494D2612D29900ED98AD /* SignInViewController.swift */,
				CFE0494F2612D29900ED98AD /* Main.storyboard */,
				CFE049522612D29D00ED98AD /* Assets.xcassets */,
				CFE049542612D29D00ED98AD /* LaunchScreen.storyboard */,
				CFE049572612D29D00ED98AD /* Info.plist */,
				CFC1AD962613448E0053B333 /* CustomObjects */,
				CFC1AD6626132E160053B333 /* Nunito */,
			);
			path = NotForgot;
			sourceTree = "<group>";
		};
/* End PBXGroup section */

/* Begin PBXNativeTarget section */
		CFE049452612D29900ED98AD /* NotForgot */ = {
			isa = PBXNativeTarget;
			buildConfigurationList = CFE0495A2612D29D00ED98AD /* Build configuration list for PBXNativeTarget "NotForgot" */;
			buildPhases = (
				CFE049422612D29900ED98AD /* Sources */,
				CFE049432612D29900ED98AD /* Frameworks */,
				CFE049442612D29900ED98AD /* Resources */,
			);
			buildRules = (
			);
			dependencies = (
			);
			name = NotForgot;
			packageProductDependencies = (
			);
			productName = NotForgot;
			productReference = CFE049462612D29900ED98AD /* NotForgot.app */;
			productType = "com.apple.product-type.application";
		};
/* End PBXNativeTarget section */

/* Begin PBXProject section */
		CFE0493E2612D29900ED98AD /* Project object */ = {
			isa = PBXProject;
			attributes = {
				LastSwiftUpdateCheck = 1240;
				LastUpgradeCheck = 1240;
				TargetAttributes = {
					CFE049452612D29900ED98AD = {
						CreatedOnToolsVersion = 12.4;
					};
				};
			};
			buildConfigurationList = CFE049412612D29900ED98AD /* Build configuration list for PBXProject "NotForgot" */;
			compatibilityVersion = "Xcode 9.3";
			developmentRegion = en;
			hasScannedForEncodings = 0;
			knownRegions = (
				en,
				Base,
			);
			mainGroup = CFE0493D2612D29900ED98AD;
			packageReferences = (
			);
			productRefGroup = CFE049472612D29900ED98AD /* Products */;
			projectDirPath = "";
			projectRoot = "";
			targets = (
				CFE049452612D29900ED98AD /* NotForgot */,
			);
		};
/* End PBXProject section */

/* Begin PBXResourcesBuildPhase section */
		CFE049442612D29900ED98AD /* Resources */ = {
			isa = PBXResourcesBuildPhase;
			buildActionMask = 2147483647;
			files = (
				CFE049562612D29D00ED98AD /* LaunchScreen.storyboard in Resources */,
				CFC1AD7926132E160053B333 /* Nunito-Light.ttf in Resources */,
				CFC1AD7A26132E160053B333 /* Nunito-Regular.ttf in Resources */,
				CFC1AD7D26132E160053B333 /* Nunito-BoldItalic.ttf in Resources */,
				CFC1AD8426132E160053B333 /* Nunito-LightItalic.ttf in Resources */,
				CFC1AD8126132E160053B333 /* Nunito-BlackItalic.ttf in Resources */,
				CFC1AD7B26132E160053B333 /* Nunito-SemiBold.ttf in Resources */,
				CFC1AD8226132E160053B333 /* OFL.txt in Resources */,
				CFC1AD7826132E160053B333 /* Nunito-ExtraLightItalic.ttf in Resources */,
				CFE049532612D29D00ED98AD /* Assets.xcassets in Resources */,
				CFC1AD7C26132E160053B333 /* Nunito-Bold.ttf in Resources */,
				CFC1AD8026132E160053B333 /* Nunito-SemiBoldItalic.ttf in Resources */,
				CFC1AD7726132E160053B333 /* Nunito-ExtraBold.ttf in Resources */,
				CFE049512612D29900ED98AD /* Main.storyboard in Resources */,
				CFC1AD7626132E160053B333 /* Nunito-ExtraBoldItalic.ttf in Resources */,
				CFC1AD7E26132E160053B333 /* Nunito-Black.ttf in Resources */,
				CFC1AD7F26132E160053B333 /* Nunito-ExtraLight.ttf in Resources */,
				CFC1AD8326132E160053B333 /* Nunito-Italic.ttf in Resources */,
			);
			runOnlyForDeploymentPostprocessing = 0;
		};
/* End PBXResourcesBuildPhase section */

/* Begin PBXSourcesBuildPhase section */
		CFE049422612D29900ED98AD /* Sources */ = {
			isa = PBXSourcesBuildPhase;
			buildActionMask = 2147483647;
			files = (
				CFC1AD982613448E0053B333 /* UICustomButton.swift in Sources */,
				CFE0494E2612D29900ED98AD /* SignInViewController.swift in Sources */,
				CFE0494A2612D29900ED98AD /* AppDelegate.swift in Sources */,
				CFE0494C2612D29900ED98AD /* SceneDelegate.swift in Sources */,
			);
			runOnlyForDeploymentPostprocessing = 0;
		};
/* End PBXSourcesBuildPhase section */

/* Begin PBXVariantGroup section */
		CFE0494F2612D29900ED98AD /* Main.storyboard */ = {
			isa = PBXVariantGroup;
			children = (
				CFE049502612D29900ED98AD /* Base */,
			);
			name = Main.storyboard;
			sourceTree = "<group>";
		};
		CFE049542612D29D00ED98AD /* LaunchScreen.storyboard */ = {
			isa = PBXVariantGroup;
			children = (
				CFE049552612D29D00ED98AD /* Base */,
			);
			name = LaunchScreen.storyboard;
			sourceTree = "<group>";
		};
/* End PBXVariantGroup section */

/* Begin XCBuildConfiguration section */
		CFE049582612D29D00ED98AD /* Debug */ = {
			isa = XCBuildConfiguration;
			buildSettings = {
				ALWAYS_SEARCH_USER_PATHS = NO;
				CLANG_ANALYZER_NONNULL = YES;
				CLANG_ANALYZER_NUMBER_OBJECT_CONVERSION = YES_AGGRESSIVE;
				CLANG_CXX_LANGUAGE_STANDARD = "gnu++14";
				CLANG_CXX_LIBRARY = "libc++";
				CLANG_ENABLE_MODULES = YES;
				CLANG_ENABLE_OBJC_ARC = YES;
				CLANG_ENABLE_OBJC_WEAK = YES;
				CLANG_WARN_BLOCK_CAPTURE_AUTORELEASING = YES;
				CLANG_WARN_BOOL_CONVERSION = YES;
				CLANG_WARN_COMMA = YES;
				CLANG_WARN_CONSTANT_CONVERSION = YES;
				CLANG_WARN_DEPRECATED_OBJC_IMPLEMENTATIONS = YES;
				CLANG_WARN_DIRECT_OBJC_ISA_USAGE = YES_ERROR;
				CLANG_WARN_DOCUMENTATION_COMMENTS = YES;
				CLANG_WARN_EMPTY_BODY = YES;
				CLANG_WARN_ENUM_CONVERSION = YES;
				CLANG_WARN_INFINITE_RECURSION = YES;
				CLANG_WARN_INT_CONVERSION = YES;
				CLANG_WARN_NON_LITERAL_NULL_CONVERSION = YES;
				CLANG_WARN_OBJC_IMPLICIT_RETAIN_SELF = YES;
				CLANG_WARN_OBJC_LITERAL_CONVERSION = YES;
				CLANG_WARN_OBJC_ROOT_CLASS = YES_ERROR;
				CLANG_WARN_QUOTED_INCLUDE_IN_FRAMEWORK_HEADER = YES;
				CLANG_WARN_RANGE_LOOP_ANALYSIS = YES;
				CLANG_WARN_STRICT_PROTOTYPES = YES;
				CLANG_WARN_SUSPICIOUS_MOVE = YES;
				CLANG_WARN_UNGUARDED_AVAILABILITY = YES_AGGRESSIVE;
				CLANG_WARN_UNREACHABLE_CODE = YES;
				CLANG_WARN__DUPLICATE_METHOD_MATCH = YES;
				COPY_PHASE_STRIP = NO;
				DEBUG_INFORMATION_FORMAT = dwarf;
				ENABLE_STRICT_OBJC_MSGSEND = YES;
				ENABLE_TESTABILITY = YES;
				GCC_C_LANGUAGE_STANDARD = gnu11;
				GCC_DYNAMIC_NO_PIC = NO;
				GCC_NO_COMMON_BLOCKS = YES;
				GCC_OPTIMIZATION_LEVEL = 0;
				GCC_PREPROCESSOR_DEFINITIONS = (
					"DEBUG=1",
					"$(inherited)",
				);
				GCC_WARN_64_TO_32_BIT_CONVERSION = YES;
				GCC_WARN_ABOUT_RETURN_TYPE = YES_ERROR;
				GCC_WARN_UNDECLARED_SELECTOR = YES;
				GCC_WARN_UNINITIALIZED_AUTOS = YES_AGGRESSIVE;
				GCC_WARN_UNUSED_FUNCTION = YES;
				GCC_WARN_UNUSED_VARIABLE = YES;
				IPHONEOS_DEPLOYMENT_TARGET = 14.4;
				MTL_ENABLE_DEBUG_INFO = INCLUDE_SOURCE;
				MTL_FAST_MATH = YES;
				ONLY_ACTIVE_ARCH = YES;
				SDKROOT = iphoneos;
				SWIFT_ACTIVE_COMPILATION_CONDITIONS = DEBUG;
				SWIFT_OPTIMIZATION_LEVEL = "-Onone";
			};
			name = Debug;
		};
		CFE049592612D29D00ED98AD /* Release */ = {
			isa = XCBuildConfiguration;
			buildSettings = {
				ALWAYS_SEARCH_USER_PATHS = NO;
				CLANG_ANALYZER_NONNULL = YES;
				CLANG_ANALYZER_NUMBER_OBJECT_CONVERSION = YES_AGGRESSIVE;
				CLANG_CXX_LANGUAGE_STANDARD = "gnu++14";
				CLANG_CXX_LIBRARY = "libc++";
				CLANG_ENABLE_MODULES = YES;
				CLANG_ENABLE_OBJC_ARC = YES;
				CLANG_ENABLE_OBJC_WEAK = YES;
				CLANG_WARN_BLOCK_CAPTURE_AUTORELEASING = YES;
				CLANG_WARN_BOOL_CONVERSION = YES;
				CLANG_WARN_COMMA = YES;
				CLANG_WARN_CONSTANT_CONVERSION = YES;
				CLANG_WARN_DEPRECATED_OBJC_IMPLEMENTATIONS = YES;
				CLANG_WARN_DIRECT_OBJC_ISA_USAGE = YES_ERROR;
				CLANG_WARN_DOCUMENTATION_COMMENTS = YES;
				CLANG_WARN_EMPTY_BODY = YES;
				CLANG_WARN_ENUM_CONVERSION = YES;
				CLANG_WARN_INFINITE_RECURSION = YES;
				CLANG_WARN_INT_CONVERSION = YES;
				CLANG_WARN_NON_LITERAL_NULL_CONVERSION = YES;
				CLANG_WARN_OBJC_IMPLICIT_RETAIN_SELF = YES;
				CLANG_WARN_OBJC_LITERAL_CONVERSION = YES;
				CLANG_WARN_OBJC_ROOT_CLASS = YES_ERROR;
				CLANG_WARN_QUOTED_INCLUDE_IN_FRAMEWORK_HEADER = YES;
				CLANG_WARN_RANGE_LOOP_ANALYSIS = YES;
				CLANG_WARN_STRICT_PROTOTYPES = YES;
				CLANG_WARN_SUSPICIOUS_MOVE = YES;
				CLANG_WARN_UNGUARDED_AVAILABILITY = YES_AGGRESSIVE;
				CLANG_WARN_UNREACHABLE_CODE = YES;
				CLANG_WARN__DUPLICATE_METHOD_MATCH = YES;
				COPY_PHASE_STRIP = NO;
				DEBUG_INFORMATION_FORMAT = "dwarf-with-dsym";
				ENABLE_NS_ASSERTIONS = NO;
				ENABLE_STRICT_OBJC_MSGSEND = YES;
				GCC_C_LANGUAGE_STANDARD = gnu11;
				GCC_NO_COMMON_BLOCKS = YES;
				GCC_WARN_64_TO_32_BIT_CONVERSION = YES;
				GCC_WARN_ABOUT_RETURN_TYPE = YES_ERROR;
				GCC_WARN_UNDECLARED_SELECTOR = YES;
				GCC_WARN_UNINITIALIZED_AUTOS = YES_AGGRESSIVE;
				GCC_WARN_UNUSED_FUNCTION = YES;
				GCC_WARN_UNUSED_VARIABLE = YES;
				IPHONEOS_DEPLOYMENT_TARGET = 14.4;
				MTL_ENABLE_DEBUG_INFO = NO;
				MTL_FAST_MATH = YES;
				SDKROOT = iphoneos;
				SWIFT_COMPILATION_MODE = wholemodule;
				SWIFT_OPTIMIZATION_LEVEL = "-O";
				VALIDATE_PRODUCT = YES;
			};
			name = Release;
		};
		CFE0495B2612D29D00ED98AD /* Debug */ = {
			isa = XCBuildConfiguration;
			buildSettings = {
				ASSETCATALOG_COMPILER_APPICON_NAME = AppIcon;
				ASSETCATALOG_COMPILER_GLOBAL_ACCENT_COLOR_NAME = AccentColor;
				CODE_SIGN_STYLE = Automatic;
				DEVELOPMENT_TEAM = X8R67UCKH4;
				INFOPLIST_FILE = NotForgot/Info.plist;
				LD_RUNPATH_SEARCH_PATHS = (
					"$(inherited)",
					"@executable_path/Frameworks",
				);
				PRODUCT_BUNDLE_IDENTIFIER = TSU.NotForgot;
				PRODUCT_NAME = "$(TARGET_NAME)";
				SWIFT_VERSION = 5.0;
				TARGETED_DEVICE_FAMILY = "1,2";
			};
			name = Debug;
		};
		CFE0495C2612D29D00ED98AD /* Release */ = {
			isa = XCBuildConfiguration;
			buildSettings = {
				ASSETCATALOG_COMPILER_APPICON_NAME = AppIcon;
				ASSETCATALOG_COMPILER_GLOBAL_ACCENT_COLOR_NAME = AccentColor;
				CODE_SIGN_STYLE = Automatic;
				DEVELOPMENT_TEAM = X8R67UCKH4;
				INFOPLIST_FILE = NotForgot/Info.plist;
				LD_RUNPATH_SEARCH_PATHS = (
					"$(inherited)",
					"@executable_path/Frameworks",
				);
				PRODUCT_BUNDLE_IDENTIFIER = TSU.NotForgot;
				PRODUCT_NAME = "$(TARGET_NAME)";
				SWIFT_VERSION = 5.0;
				TARGETED_DEVICE_FAMILY = "1,2";
			};
			name = Release;
		};
/* End XCBuildConfiguration section */

/* Begin XCConfigurationList section */
		CFE049412612D29900ED98AD /* Build configuration list for PBXProject "NotForgot" */ = {
			isa = XCConfigurationList;
			buildConfigurations = (
				CFE049582612D29D00ED98AD /* Debug */,
				CFE049592612D29D00ED98AD /* Release */,
			);
			defaultConfigurationIsVisible = 0;
			defaultConfigurationName = Release;
		};
		CFE0495A2612D29D00ED98AD /* Build configuration list for PBXNativeTarget "NotForgot" */ = {
			isa = XCConfigurationList;
			buildConfigurations = (
				CFE0495B2612D29D00ED98AD /* Debug */,
				CFE0495C2612D29D00ED98AD /* Release */,
			);
			defaultConfigurationIsVisible = 0;
			defaultConfigurationName = Release;
		};
/* End XCConfigurationList section */
	};
	rootObject = CFE0493E2612D29900ED98AD /* Project object */;
}
